{
  "requires": true,
  "lockfileVersion": 1,
  "dependencies": {
    "@types/angular": {
      "version": "1.6.51",
      "resolved": "https://registry.npmjs.org/@types/angular/-/angular-1.6.51.tgz",
      "integrity": "sha512-wYU+/zlJWih7ZmonWVjGQ18tG7GboI9asMNjRBM5fpIFJWXSioQttCTw9qGL44cP82ghM8sCV9apEqm1zBDq2w=="
    },
    "@types/angular-material": {
      "version": "1.1.59",
      "resolved": "http://registry.npmjs.org/@types/angular-material/-/angular-material-1.1.59.tgz",
      "integrity": "sha512-hho43yCCqvQT9+OnLJ+2NXcPiuNgO3QtNp0aLB+WbySaw1+W4uTVAMp/u3EdexaNnFB/LHRX/lym35ayC9DqVw==",
      "requires": {
        "@types/angular": "1.6.51"
      }
    }
  }
}
