{
  "name": "progettobase",
  "version": "1.0.0",
  "lockfileVersion": 1,
  "requires": true,
  "dependencies": {
    "@types/angular": {
      "version": "1.6.51",
      "resolved": "https://registry.npmjs.org/@types/angular/-/angular-1.6.51.tgz",
      "integrity": "sha512-wYU+/zlJWih7ZmonWVjGQ18tG7GboI9asMNjRBM5fpIFJWXSioQttCTw9qGL44cP82ghM8sCV9apEqm1zBDq2w=="
    },
    "@types/angular-material": {
      "version": "1.1.60",
      "resolved": "https://registry.npmjs.org/@types/angular-material/-/angular-material-1.1.60.tgz",
      "integrity": "sha512-crAh/+qCtTZayU0F8sMq79i1PSGCLG3Fdu0R1IvwQKgmWFX+C139JA6e0qdxkzGxsbrPRcP6nnTd40Tc6zpfeA==",
      "requires": {
        "@types/angular": "*"
      }
    },
    "@types/angular-route": {
      "version": "1.7.0",
      "resolved": "https://registry.npmjs.org/@types/angular-route/-/angular-route-1.7.0.tgz",
      "integrity": "sha512-gctkSXUY7hDwFeW8il7f3+sdMmds0JaMnHvrZmqX79DHXf2D72+SHxJHIt5i6+0BrhoqdWdpgziSxuKnkAUAQw==",
      "requires": {
        "@types/angular": "*"
      }
    },
    "@types/jquery": {
      "version": "3.3.22",
      "resolved": "https://registry.npmjs.org/@types/jquery/-/jquery-3.3.22.tgz",
      "integrity": "sha512-a4JDcIhJhHYnoWCkG3xT2CZxXZeA92JeREESorg0DMQ3ZsjuKF48h7XK4l5Gl2GRa/ItGRpKMT0pyK88yRgqXQ==",
      "requires": {
        "@types/sizzle": "*"
      }
    },
    "@types/lodash": {
      "version": "4.14.117",
      "resolved": "https://registry.npmjs.org/@types/lodash/-/lodash-4.14.117.tgz",
      "integrity": "sha512-xyf2m6tRbz8qQKcxYZa7PA4SllYcay+eh25DN3jmNYY6gSTL7Htc/bttVdkqj2wfJGbeWlQiX8pIyJpKU+tubw=="
    },
    "@types/sizzle": {
      "version": "2.3.2",
      "resolved": "https://registry.npmjs.org/@types/sizzle/-/sizzle-2.3.2.tgz",
      "integrity": "sha512-7EJYyKTL7tFR8+gDbB6Wwz/arpGa0Mywk1TJbNzKzHtzbwVmY4HR9WqS5VV7dsBUKQmPNr192jHr/VpBluj/hg=="
    },
    "@uirouter/core": {
      "version": "5.0.21",
      "resolved": "https://registry.npmjs.org/@uirouter/core/-/core-5.0.21.tgz",
      "integrity": "sha512-QWHc0wT00qtYNkT0BXZaFNLLHZyux0qJjF8c2WklW5/Q0Z866NoJjJErEMWjQb/AR+olkR2NlfEEi8KTQU2OpA=="
    },
    "angular": {
      "version": "1.7.5",
      "resolved": "https://registry.npmjs.org/angular/-/angular-1.7.5.tgz",
      "integrity": "sha512-760183yxtGzni740IBTieNuWLtPNAoMqvmC0Z62UoU0I3nqk+VJuO3JbQAXOyvo3Oy/ZsdNQwrSTh/B0OQZjNw=="
    },
    "angular-animate": {
      "version": "1.7.5",
      "resolved": "https://registry.npmjs.org/angular-animate/-/angular-animate-1.7.5.tgz",
      "integrity": "sha512-kU/fHIGf2a4a3bH7E1tzALTHk+QfoUSCK9fEcMFisd6ZWvNDwPzXWAilItqOC3EDiAXPmGHaNc9/aXiD9xrAxQ=="
    },
    "angular-aria": {
      "version": "1.7.5",
      "resolved": "https://registry.npmjs.org/angular-aria/-/angular-aria-1.7.5.tgz",
      "integrity": "sha512-X2dGRw+PK7hrV7/X1Ns4e5P3KC/OBFi1l7z//D/v7zbZObsAx48qBoX7unsck+s4+mnO+ikNNkHG5N49VfAyRw=="
    },
    "angular-material": {
      "version": "1.1.10",
      "resolved": "https://registry.npmjs.org/angular-material/-/angular-material-1.1.10.tgz",
      "integrity": "sha512-LfBt5a1AVPbtsFzbmAyyZj90Gtc1U94OGtfMEauGzwsfqTnbH/y/9dtndH84N9S65wXkBoBe3VG6kfyoQSeCVw=="
    },
    "angular-messages": {
      "version": "1.7.5",
      "resolved": "https://registry.npmjs.org/angular-messages/-/angular-messages-1.7.5.tgz",
      "integrity": "sha512-YDpJpFLyrIgZjE/sIAjgww1y6r3QqXBJbNDI0QjftD37vHXLkwvAOo3A4bxPw8BikyGLcJrFrgf6hRAzntJIWA=="
    },
    "angular-router": {
      "version": "0.0.2",
      "resolved": "https://registry.npmjs.org/angular-router/-/angular-router-0.0.2.tgz",
      "integrity": "sha1-UN3ZH0Pt2ofagzWssh1DinguIvw="
    },
    "angular-ui-router": {
      "version": "1.0.20",
      "resolved": "https://registry.npmjs.org/angular-ui-router/-/angular-ui-router-1.0.20.tgz",
      "integrity": "sha512-D9Y+qOq6StinrlyeiHp7wbOBL5UbwaHW1dgpfQZ6fWuQ5Q5UOrJfe3S28XWDt8ybOKaUh2ds/IFXib5vCu8Opg==",
      "requires": {
        "@uirouter/core": "5.0.21"
      }
    },
    "lodash": {
      "version": "4.17.11",
      "resolved": "https://registry.npmjs.org/lodash/-/lodash-4.17.11.tgz",
      "integrity": "sha512-cQKh8igo5QUhZ7lg38DYWAxMvjSAKG0A8wGSVimP07SIUEK2UO+arSRKbRZWtelMtN5V0Hkwh5ryOto/SshYIg=="
    }
  }
}
